github.com/tksasha/model v0.0.0-20211128083555-1716514f2f32 h1:Rn7/7fY4wn00Q0ZuB+JhVlKCtzuCIOK1f9URwIdgcok=
github.com/tksasha/model v0.0.0-20211128083555-1716514f2f32/go.mod h1:CWbUADnox2ih1QrZP8fApCmMH4RhAXV8DKITLgScq+s=
github.com/tksasha/validations v0.0.0-20211128080247-dc1f2e617bcc/go.mod h1:MAoRt+GTVBv5EcBWPGdIlezl7kwGLk1uGoqm3+rwBhE=
